Microsoft Visual Studio Solution File, Format Version 12.00
# Visual Studio Version 16
VisualStudioVersion = 16.0.31005.135
MinimumVisualStudioVersion = 10.0.40219.1
Project("{9A19103F-16F7-4668-BE54-9A1E7A4F7556}") = "Xalendar", "Xalendar\Xalendar.csproj", "{C067C06B-34B4-44C7-837B-4F33673D387C}"
EndProject
Project("{FAE04EC0-301F-11D3-BF4B-00C04F79EFBC}") = "Xalendar.Tests", "Xalendar.Tests\Xalendar.Tests.csproj", "{12D1D300-6EC8-4E82-ACCC-0C22F1D456C4}"
EndProject
Global
	GlobalSection(SolutionConfigurationPlatforms) = preSolution
		Debug|Any CPU = Debug|Any CPU
		Release|Any CPU = Release|Any CPU
	EndGlobalSection
	GlobalSection(ProjectConfigurationPlatforms) = postSolution
		{C067C06B-34B4-44C7-837B-4F33673D387C}.Debug|Any CPU.ActiveCfg = Debug|Any CPU
		{C067C06B-34B4-44C7-837B-4F33673D387C}.Debug|Any CPU.Build.0 = Debug|Any CPU
		{C067C06B-34B4-44C7-837B-4F33673D387C}.Release|Any CPU.ActiveCfg = Release|Any CPU
		{C067C06B-34B4-44C7-837B-4F33673D387C}.Release|Any CPU.Build.0 = Release|Any CPU
		{12D1D300-6EC8-4E82-ACCC-0C22F1D456C4}.Debug|Any CPU.ActiveCfg = Debug|Any CPU
		{12D1D300-6EC8-4E82-ACCC-0C22F1D456C4}.Debug|Any CPU.Build.0 = Debug|Any CPU
		{12D1D300-6EC8-4E82-ACCC-0C22F1D456C4}.Release|Any CPU.ActiveCfg = Release|Any CPU
		{12D1D300-6EC8-4E82-ACCC-0C22F1D456C4}.Release|Any CPU.Build.0 = Release|Any CPU
	EndGlobalSection
	GlobalSection(SolutionProperties) = preSolution
		HideSolutionNode = FALSE
	EndGlobalSection
	GlobalSection(ExtensibilityGlobals) = postSolution
		SolutionGuid = {064CE163-F679-44EE-8DEA-401DB9E66174}
	EndGlobalSection
EndGlobal
